
Microsoft Visual Studio Solution File, Format Version 12.00
# Visual Studio Version 17
VisualStudioVersion = 17.9.34723.18
MinimumVisualStudioVersion = 10.0.40219.1
Project("{FAE04EC0-301F-11D3-BF4B-00C04F79EFBC}") = "C#(more_plus)_task-4", "C#(more_plus)_task-4.csproj", "{CB7FEEC6-288A-4D94-9AD1-DD3D8B75B114}"
EndProject
Global
	GlobalSection(SolutionConfigurationPlatforms) = preSolution
		Debug|Any CPU = Debug|Any CPU
		Release|Any CPU = Release|Any CPU
	EndGlobalSection
	GlobalSection(ProjectConfigurationPlatforms) = postSolution
		{CB7FEEC6-288A-4D94-9AD1-DD3D8B75B114}.Debug|Any CPU.ActiveCfg = Debug|Any CPU
		{CB7FEEC6-288A-4D94-9AD1-DD3D8B75B114}.Debug|Any CPU.Build.0 = Debug|Any CPU
		{CB7FEEC6-288A-4D94-9AD1-DD3D8B75B114}.Release|Any CPU.ActiveCfg = Release|Any CPU
		{CB7FEEC6-288A-4D94-9AD1-DD3D8B75B114}.Release|Any CPU.Build.0 = Release|Any CPU
	EndGlobalSection
	GlobalSection(SolutionProperties) = preSolution
		HideSolutionNode = FALSE
	EndGlobalSection
	GlobalSection(ExtensibilityGlobals) = postSolution
		SolutionGuid = {2CA74893-6FE8-4E34-912F-AAB26D9D8A97}
	EndGlobalSection
EndGlobal
